
Microsoft Visual Studio Solution File, Format Version 12.00
# Visual Studio Version 16
VisualStudioVersion = 16.6.30114.105
MinimumVisualStudioVersion = 10.0.40219.1
Project("{9A19103F-16F7-4668-BE54-9A1E7A4F7556}") = "CommandLineArgsGenerator", "src\CommandLineArgsGenerator.csproj", "{4150AC62-C327-4EA3-8029-28C0C4C6E871}"
EndProject
Project("{9A19103F-16F7-4668-BE54-9A1E7A4F7556}") = "Converter", "samples\Converter\Converter.csproj", "{6628A193-2FA7-44D3-8190-BEA16DCE22E2}"
EndProject
Global
	GlobalSection(SolutionConfigurationPlatforms) = preSolution
		Debug|Any CPU = Debug|Any CPU
		Debug|x64 = Debug|x64
		Debug|x86 = Debug|x86
		Release|Any CPU = Release|Any CPU
		Release|x64 = Release|x64
		Release|x86 = Release|x86
	EndGlobalSection
	GlobalSection(ProjectConfigurationPlatforms) = postSolution
		{4150AC62-C327-4EA3-8029-28C0C4C6E871}.Debug|Any CPU.ActiveCfg = Debug|Any CPU
		{4150AC62-C327-4EA3-8029-28C0C4C6E871}.Debug|Any CPU.Build.0 = Debug|Any CPU
		{4150AC62-C327-4EA3-8029-28C0C4C6E871}.Debug|x64.ActiveCfg = Debug|Any CPU
		{4150AC62-C327-4EA3-8029-28C0C4C6E871}.Debug|x64.Build.0 = Debug|Any CPU
		{4150AC62-C327-4EA3-8029-28C0C4C6E871}.Debug|x86.ActiveCfg = Debug|Any CPU
		{4150AC62-C327-4EA3-8029-28C0C4C6E871}.Debug|x86.Build.0 = Debug|Any CPU
		{4150AC62-C327-4EA3-8029-28C0C4C6E871}.Release|Any CPU.ActiveCfg = Release|Any CPU
		{4150AC62-C327-4EA3-8029-28C0C4C6E871}.Release|Any CPU.Build.0 = Release|Any CPU
		{4150AC62-C327-4EA3-8029-28C0C4C6E871}.Release|x64.ActiveCfg = Release|Any CPU
		{4150AC62-C327-4EA3-8029-28C0C4C6E871}.Release|x64.Build.0 = Release|Any CPU
		{4150AC62-C327-4EA3-8029-28C0C4C6E871}.Release|x86.ActiveCfg = Release|Any CPU
		{4150AC62-C327-4EA3-8029-28C0C4C6E871}.Release|x86.Build.0 = Release|Any CPU
		{6628A193-2FA7-44D3-8190-BEA16DCE22E2}.Debug|Any CPU.ActiveCfg = Debug|Any CPU
		{6628A193-2FA7-44D3-8190-BEA16DCE22E2}.Debug|Any CPU.Build.0 = Debug|Any CPU
		{6628A193-2FA7-44D3-8190-BEA16DCE22E2}.Debug|x64.ActiveCfg = Debug|Any CPU
		{6628A193-2FA7-44D3-8190-BEA16DCE22E2}.Debug|x64.Build.0 = Debug|Any CPU
		{6628A193-2FA7-44D3-8190-BEA16DCE22E2}.Debug|x86.ActiveCfg = Debug|Any CPU
		{6628A193-2FA7-44D3-8190-BEA16DCE22E2}.Debug|x86.Build.0 = Debug|Any CPU
		{6628A193-2FA7-44D3-8190-BEA16DCE22E2}.Release|Any CPU.ActiveCfg = Release|Any CPU
		{6628A193-2FA7-44D3-8190-BEA16DCE22E2}.Release|Any CPU.Build.0 = Release|Any CPU
		{6628A193-2FA7-44D3-8190-BEA16DCE22E2}.Release|x64.ActiveCfg = Release|Any CPU
		{6628A193-2FA7-44D3-8190-BEA16DCE22E2}.Release|x64.Build.0 = Release|Any CPU
		{6628A193-2FA7-44D3-8190-BEA16DCE22E2}.Release|x86.ActiveCfg = Release|Any CPU
		{6628A193-2FA7-44D3-8190-BEA16DCE22E2}.Release|x86.Build.0 = Release|Any CPU
	EndGlobalSection
	GlobalSection(SolutionProperties) = preSolution
		HideSolutionNode = FALSE
	EndGlobalSection
	GlobalSection(ExtensibilityGlobals) = postSolution
		SolutionGuid = {AA10BD0A-D27B-4AB4-904F-2C17F6FBA70B}
	EndGlobalSection
EndGlobal
